// !$*UTF8*$!
{
	archiveVersion = 1;
	classes = {
	};
	objectVersion = 46;
	objects = {

/* Begin PBXBuildFile section */
		C565A87A1D5ABF2900C322BA /* JTTextView.m in Sources */ = {isa = PBXBuildFile; fileRef = C565A8791D5ABF2900C322BA /* JTTextView.m */; };
		C57AE1511D59DB59001905E7 /* main.m in Sources */ = {isa = PBXBuildFile; fileRef = C57AE1501D59DB59001905E7 /* main.m */; };
		C57AE1541D59DB59001905E7 /* AppDelegate.m in Sources */ = {isa = PBXBuildFile; fileRef = C57AE1531D59DB59001905E7 /* AppDelegate.m */; };
		C57AE1571D59DB59001905E7 /* ViewController.m in Sources */ = {isa = PBXBuildFile; fileRef = C57AE1561D59DB59001905E7 /* ViewController.m */; };
		C57AE15A1D59DB59001905E7 /* Main.storyboard in Resources */ = {isa = PBXBuildFile; fileRef = C57AE1581D59DB59001905E7 /* Main.storyboard */; };
		C57AE15C1D59DB59001905E7 /* Assets.xcassets in Resources */ = {isa = PBXBuildFile; fileRef = C57AE15B1D59DB59001905E7 /* Assets.xcassets */; };
		C57AE15F1D59DB59001905E7 /* LaunchScreen.storyboard in Resources */ = {isa = PBXBuildFile; fileRef = C57AE15D1D59DB59001905E7 /* LaunchScreen.storyboard */; };
		C57AE16A1D59DB59001905E7 /* RichTextEditTests.m in Sources */ = {isa = PBXBuildFile; fileRef = C57AE1691D59DB59001905E7 /* RichTextEditTests.m */; };
		C57AE1751D59DB59001905E7 /* RichTextEditUITests.m in Sources */ = {isa = PBXBuildFile; fileRef = C57AE1741D59DB59001905E7 /* RichTextEditUITests.m */; };
		C57AE19B1D59DBB9001905E7 /* 234.png in Resources */ = {isa = PBXBuildFile; fileRef = C57AE1841D59DBB9001905E7 /* 234.png */; };
		C57AE19C1D59DBB9001905E7 /* 30bold.png in Resources */ = {isa = PBXBuildFile; fileRef = C57AE1861D59DBB9001905E7 /* 30bold.png */; };
		C57AE19D1D59DBB9001905E7 /* 30clinder.png in Resources */ = {isa = PBXBuildFile; fileRef = C57AE1871D59DBB9001905E7 /* 30clinder.png */; };
		C57AE19E1D59DBB9001905E7 /* 30colors.png in Resources */ = {isa = PBXBuildFile; fileRef = C57AE1881D59DBB9001905E7 /* 30colors.png */; };
		C57AE19F1D59DBB9001905E7 /* 30font.png in Resources */ = {isa = PBXBuildFile; fileRef = C57AE1891D59DBB9001905E7 /* 30font.png */; };
		C57AE1A01D59DBB9001905E7 /* 30ima.png in Resources */ = {isa = PBXBuildFile; fileRef = C57AE18A1D59DBB9001905E7 /* 30ima.png */; };
		C57AE1A11D59DBB9001905E7 /* 30key.png in Resources */ = {isa = PBXBuildFile; fileRef = C57AE18B1D59DBB9001905E7 /* 30key.png */; };
		C57AE1A21D59DBB9001905E7 /* 30LinkB.png in Resources */ = {isa = PBXBuildFile; fileRef = C57AE18C1D59DBB9001905E7 /* 30LinkB.png */; };
		C57AE1A31D59DBB9001905E7 /* 30TabelB.png in Resources */ = {isa = PBXBuildFile; fileRef = C57AE18D1D59DBB9001905E7 /* 30TabelB.png */; };
		C57AE1A41D59DBB9001905E7 /* 30Under.png in Resources */ = {isa = PBXBuildFile; fileRef = C57AE18E1D59DBB9001905E7 /* 30Under.png */; };
		C57AE1A51D59DBB9001905E7 /* 70bold.png in Resources */ = {isa = PBXBuildFile; fileRef = C57AE18F1D59DBB9001905E7 /* 70bold.png */; };
		C57AE1A61D59DBB9001905E7 /* 70clinder.png in Resources */ = {isa = PBXBuildFile; fileRef = C57AE1901D59DBB9001905E7 /* 70clinder.png */; };
		C57AE1A71D59DBB9001905E7 /* 70colors.png in Resources */ = {isa = PBXBuildFile; fileRef = C57AE1911D59DBB9001905E7 /* 70colors.png */; };
		C57AE1A81D59DBB9001905E7 /* 70font.png in Resources */ = {isa = PBXBuildFile; fileRef = C57AE1921D59DBB9001905E7 /* 70font.png */; };
		C57AE1A91D59DBB9001905E7 /* 70ima.png in Resources */ = {isa = PBXBuildFile; fileRef = C57AE1931D59DBB9001905E7 /* 70ima.png */; };
		C57AE1AA1D59DBB9001905E7 /* 70key.png in Resources */ = {isa = PBXBuildFile; fileRef = C57AE1941D59DBB9001905E7 /* 70key.png */; };
		C57AE1AB1D59DBB9001905E7 /* 70LinkB.png in Resources */ = {isa = PBXBuildFile; fileRef = C57AE1951D59DBB9001905E7 /* 70LinkB.png */; };
		C57AE1AC1D59DBB9001905E7 /* 70place.png in Resources */ = {isa = PBXBuildFile; fileRef = C57AE1961D59DBB9001905E7 /* 70place.png */; };
		C57AE1AD1D59DBB9001905E7 /* 70TabelB.png in Resources */ = {isa = PBXBuildFile; fileRef = C57AE1971D59DBB9001905E7 /* 70TabelB.png */; };
		C57AE1AE1D59DBB9001905E7 /* 70Under.png in Resources */ = {isa = PBXBuildFile; fileRef = C57AE1981D59DBB9001905E7 /* 70Under.png */; };
		C57AE1AF1D59DBB9001905E7 /* UITextView+Helper.m in Sources */ = {isa = PBXBuildFile; fileRef = C57AE19A1D59DBB9001905E7 /* UITextView+Helper.m */; };
		DF8D92072FB8FDA0CF9C41F4 /* Pods_RichTextEdit.framework in Frameworks */ = {isa = PBXBuildFile; fileRef = 164303A561B5CE083A724DD0 /* Pods_RichTextEdit.framework */; };
/* End PBXBuildFile section */

/* Begin PBXContainerItemProxy section */
		C57AE1661D59DB59001905E7 /* PBXContainerItemProxy */ = {
			isa = PBXContainerItemProxy;
			containerPortal = C57AE1441D59DB59001905E7 /* Project object */;
			proxyType = 1;
			remoteGlobalIDString = C57AE14B1D59DB59001905E7;
			remoteInfo = RichTextEdit;
		};
		C57AE1711D59DB59001905E7 /* PBXContainerItemProxy */ = {
			isa = PBXContainerItemProxy;
			containerPortal = C57AE1441D59DB59001905E7 /* Project object */;
			proxyType = 1;
			remoteGlobalIDString = C57AE14B1D59DB59001905E7;
			remoteInfo = RichTextEdit;
		};
/* End PBXContainerItemProxy section */

/* Begin PBXFileReference section */
		164303A561B5CE083A724DD0 /* Pods_RichTextEdit.framework */ = {isa = PBXFileReference; explicitFileType = wrapper.framework; includeInIndex = 0; path = Pods_RichTextEdit.framework; sourceTree = BUILT_PRODUCTS_DIR; };
		5F942CFFB3C8002C4E28AEE7 /* Pods-RichTextEdit.release.xcconfig */ = {isa = PBXFileReference; includeInIndex = 1; lastKnownFileType = text.xcconfig; name = "Pods-RichTextEdit.release.xcconfig"; path = "Pods/Target Support Files/Pods-RichTextEdit/Pods-RichTextEdit.release.xcconfig"; sourceTree = "<group>"; };
		826F1E8886187BFE3D463BE2 /* Pods-RichTextEdit.debug.xcconfig */ = {isa = PBXFileReference; includeInIndex = 1; lastKnownFileType = text.xcconfig; name = "Pods-RichTextEdit.debug.xcconfig"; path = "Pods/Target Support Files/Pods-RichTextEdit/Pods-RichTextEdit.debug.xcconfig"; sourceTree = "<group>"; };
		C565A8781D5ABF2900C322BA /* JTTextView.h */ = {isa = PBXFileReference; fileEncoding = 4; lastKnownFileType = sourcecode.c.h; path = JTTextView.h; sourceTree = "<group>"; };
		C565A8791D5ABF2900C322BA /* JTTextView.m */ = {isa = PBXFileReference; fileEncoding = 4; lastKnownFileType = sourcecode.c.objc; path = JTTextView.m; sourceTree = "<group>"; };
		C57AE14C1D59DB59001905E7 /* RichTextEdit.app */ = {isa = PBXFileReference; explicitFileType = wrapper.application; includeInIndex = 0; path = RichTextEdit.app; sourceTree = BUILT_PRODUCTS_DIR; };
		C57AE1501D59DB59001905E7 /* main.m */ = {isa = PBXFileReference; lastKnownFileType = sourcecode.c.objc; path = main.m; sourceTree = "<group>"; };
		C57AE1521D59DB59001905E7 /* AppDelegate.h */ = {isa = PBXFileReference; lastKnownFileType = sourcecode.c.h; path = AppDelegate.h; sourceTree = "<group>"; };
		C57AE1531D59DB59001905E7 /* AppDelegate.m */ = {isa = PBXFileReference; lastKnownFileType = sourcecode.c.objc; path = AppDelegate.m; sourceTree = "<group>"; };
		C57AE1551D59DB59001905E7 /* ViewController.h */ = {isa = PBXFileReference; lastKnownFileType = sourcecode.c.h; path = ViewController.h; sourceTree = "<group>"; };
		C57AE1561D59DB59001905E7 /* ViewController.m */ = {isa = PBXFileReference; lastKnownFileType = sourcecode.c.objc; path = ViewController.m; sourceTree = "<group>"; };
		C57AE1591D59DB59001905E7 /* Base */ = {isa = PBXFileReference; lastKnownFileType = file.storyboard; name = Base; path = Base.lproj/Main.storyboard; sourceTree = "<group>"; };
		C57AE15B1D59DB59001905E7 /* Assets.xcassets */ = {isa = PBXFileReference; lastKnownFileType = folder.assetcatalog; path = Assets.xcassets; sourceTree = "<group>"; };
		C57AE15E1D59DB59001905E7 /* Base */ = {isa = PBXFileReference; lastKnownFileType = file.storyboard; name = Base; path = Base.lproj/LaunchScreen.storyboard; sourceTree = "<group>"; };
		C57AE1601D59DB59001905E7 /* Info.plist */ = {isa = PBXFileReference; lastKnownFileType = text.plist.xml; path = Info.plist; sourceTree = "<group>"; };
		C57AE1651D59DB59001905E7 /* RichTextEditTests.xctest */ = {isa = PBXFileReference; explicitFileType = wrapper.cfbundle; includeInIndex = 0; path = RichTextEditTests.xctest; sourceTree = BUILT_PRODUCTS_DIR; };
		C57AE1691D59DB59001905E7 /* RichTextEditTests.m */ = {isa = PBXFileReference; lastKnownFileType = sourcecode.c.objc; path = RichTextEditTests.m; sourceTree = "<group>"; };
		C57AE16B1D59DB59001905E7 /* Info.plist */ = {isa = PBXFileReference; lastKnownFileType = text.plist.xml; path = Info.plist; sourceTree = "<group>"; };
		C57AE1701D59DB59001905E7 /* RichTextEditUITests.xctest */ = {isa = PBXFileReference; explicitFileType = wrapper.cfbundle; includeInIndex = 0; path = RichTextEditUITests.xctest; sourceTree = BUILT_PRODUCTS_DIR; };
		C57AE1741D59DB59001905E7 /* RichTextEditUITests.m */ = {isa = PBXFileReference; lastKnownFileType = sourcecode.c.objc; path = RichTextEditUITests.m; sourceTree = "<group>"; };
		C57AE1761D59DB59001905E7 /* Info.plist */ = {isa = PBXFileReference; lastKnownFileType = text.plist.xml; path = Info.plist; sourceTree = "<group>"; };
		C57AE1841D59DBB9001905E7 /* 234.png */ = {isa = PBXFileReference; lastKnownFileType = image.png; path = 234.png; sourceTree = "<group>"; };
		C57AE1861D59DBB9001905E7 /* 30bold.png */ = {isa = PBXFileReference; lastKnownFileType = image.png; path = 30bold.png; sourceTree = "<group>"; };
		C57AE1871D59DBB9001905E7 /* 30clinder.png */ = {isa = PBXFileReference; lastKnownFileType = image.png; path = 30clinder.png; sourceTree = "<group>"; };
		C57AE1881D59DBB9001905E7 /* 30colors.png */ = {isa = PBXFileReference; lastKnownFileType = image.png; path = 30colors.png; sourceTree = "<group>"; };
		C57AE1891D59DBB9001905E7 /* 30font.png */ = {isa = PBXFileReference; lastKnownFileType = image.png; path = 30font.png; sourceTree = "<group>"; };
		C57AE18A1D59DBB9001905E7 /* 30ima.png */ = {isa = PBXFileReference; lastKnownFileType = image.png; path = 30ima.png; sourceTree = "<group>"; };
		C57AE18B1D59DBB9001905E7 /* 30key.png */ = {isa = PBXFileReference; lastKnownFileType = image.png; path = 30key.png; sourceTree = "<group>"; };
		C57AE18C1D59DBB9001905E7 /* 30LinkB.png */ = {isa = PBXFileReference; lastKnownFileType = image.png; path = 30LinkB.png; sourceTree = "<group>"; };
		C57AE18D1D59DBB9001905E7 /* 30TabelB.png */ = {isa = PBXFileReference; lastKnownFileType = image.png; path = 30TabelB.png; sourceTree = "<group>"; };
		C57AE18E1D59DBB9001905E7 /* 30Under.png */ = {isa = PBXFileReference; lastKnownFileType = image.png; path = 30Under.png; sourceTree = "<group>"; };
		C57AE18F1D59DBB9001905E7 /* 70bold.png */ = {isa = PBXFileReference; lastKnownFileType = image.png; path = 70bold.png; sourceTree = "<group>"; };
		C57AE1901D59DBB9001905E7 /* 70clinder.png */ = {isa = PBXFileReference; lastKnownFileType = image.png; path = 70clinder.png; sourceTree = "<group>"; };
		C57AE1911D59DBB9001905E7 /* 70colors.png */ = {isa = PBXFileReference; lastKnownFileType = image.png; path = 70colors.png; sourceTree = "<group>"; };
		C57AE1921D59DBB9001905E7 /* 70font.png */ = {isa = PBXFileReference; lastKnownFileType = image.png; path = 70font.png; sourceTree = "<group>"; };
		C57AE1931D59DBB9001905E7 /* 70ima.png */ = {isa = PBXFileReference; lastKnownFileType = image.png; path = 70ima.png; sourceTree = "<group>"; };
		C57AE1941D59DBB9001905E7 /* 70key.png */ = {isa = PBXFileReference; lastKnownFileType = image.png; path = 70key.png; sourceTree = "<group>"; };
		C57AE1951D59DBB9001905E7 /* 70LinkB.png */ = {isa = PBXFileReference; lastKnownFileType = image.png; path = 70LinkB.png; sourceTree = "<group>"; };
		C57AE1961D59DBB9001905E7 /* 70place.png */ = {isa = PBXFileReference; lastKnownFileType = image.png; path = 70place.png; sourceTree = "<group>"; };
		C57AE1971D59DBB9001905E7 /* 70TabelB.png */ = {isa = PBXFileReference; lastKnownFileType = image.png; path = 70TabelB.png; sourceTree = "<group>"; };
		C57AE1981D59DBB9001905E7 /* 70Under.png */ = {isa = PBXFileReference; lastKnownFileType = image.png; path = 70Under.png; sourceTree = "<group>"; };
		C57AE1991D59DBB9001905E7 /* UITextView+Helper.h */ = {isa = PBXFileReference; fileEncoding = 4; lastKnownFileType = sourcecode.c.h; path = "UITextView+Helper.h"; sourceTree = "<group>"; };
		C57AE19A1D59DBB9001905E7 /* UITextView+Helper.m */ = {isa = PBXFileReference; fileEncoding = 4; lastKnownFileType = sourcecode.c.objc; path = "UITextView+Helper.m"; sourceTree = "<group>"; };
/* End PBXFileReference section */

/* Begin PBXFrameworksBuildPhase section */
		C57AE1491D59DB59001905E7 /* Frameworks */ = {
			isa = PBXFrameworksBuildPhase;
			buildActionMask = 2147483647;
			files = (
				DF8D92072FB8FDA0CF9C41F4 /* Pods_RichTextEdit.framework in Frameworks */,
			);
			runOnlyForDeploymentPostprocessing = 0;
		};
		C57AE1621D59DB59001905E7 /* Frameworks */ = {
			isa = PBXFrameworksBuildPhase;
			buildActionMask = 2147483647;
			files = (
			);
			runOnlyForDeploymentPostprocessing = 0;
		};
		C57AE16D1D59DB59001905E7 /* Frameworks */ = {
			isa = PBXFrameworksBuildPhase;
			buildActionMask = 2147483647;
			files = (
			);
			runOnlyForDeploymentPostprocessing = 0;
		};
/* End PBXFrameworksBuildPhase section */

/* Begin PBXGroup section */
		657B10FB5D6E903EDAF6463D /* Frameworks */ = {
			isa = PBXGroup;
			children = (
				164303A561B5CE083A724DD0 /* Pods_RichTextEdit.framework */,
			);
			name = Frameworks;
			sourceTree = "<group>";
		};
		C57AE1431D59DB59001905E7 = {
			isa = PBXGroup;
			children = (
				C57AE14E1D59DB59001905E7 /* RichTextEdit */,
				C57AE1681D59DB59001905E7 /* RichTextEditTests */,
				C57AE1731D59DB59001905E7 /* RichTextEditUITests */,
				C57AE14D1D59DB59001905E7 /* Products */,
				F79A9DCBD813F9DCF415E351 /* Pods */,
				657B10FB5D6E903EDAF6463D /* Frameworks */,
			);
			sourceTree = "<group>";
		};
		C57AE14D1D59DB59001905E7 /* Products */ = {
			isa = PBXGroup;
			children = (
				C57AE14C1D59DB59001905E7 /* RichTextEdit.app */,
				C57AE1651D59DB59001905E7 /* RichTextEditTests.xctest */,
				C57AE1701D59DB59001905E7 /* RichTextEditUITests.xctest */,
			);
			name = Products;
			sourceTree = "<group>";
		};
		C57AE14E1D59DB59001905E7 /* RichTextEdit */ = {
			isa = PBXGroup;
			children = (
				C57AE1821D59DBB9001905E7 /* Editor */,
				C57AE1521D59DB59001905E7 /* AppDelegate.h */,
				C57AE1531D59DB59001905E7 /* AppDelegate.m */,
				C57AE1551D59DB59001905E7 /* ViewController.h */,
				C57AE1561D59DB59001905E7 /* ViewController.m */,
				C57AE1581D59DB59001905E7 /* Main.storyboard */,
				C57AE15B1D59DB59001905E7 /* Assets.xcassets */,
				C57AE15D1D59DB59001905E7 /* LaunchScreen.storyboard */,
				C57AE1601D59DB59001905E7 /* Info.plist */,
				C57AE14F1D59DB59001905E7 /* Supporting Files */,
			);
			path = RichTextEdit;
			sourceTree = "<group>";
		};
		C57AE14F1D59DB59001905E7 /* Supporting Files */ = {
			isa = PBXGroup;
			children = (
				C57AE1501D59DB59001905E7 /* main.m */,
			);
			name = "Supporting Files";
			sourceTree = "<group>";
		};
		C57AE1681D59DB59001905E7 /* RichTextEditTests */ = {
			isa = PBXGroup;
			children = (
				C57AE1691D59DB59001905E7 /* RichTextEditTests.m */,
				C57AE16B1D59DB59001905E7 /* Info.plist */,
			);
			path = RichTextEditTests;
			sourceTree = "<group>";
		};
		C57AE1731D59DB59001905E7 /* RichTextEditUITests */ = {
			isa = PBXGroup;
			children = (
				C57AE1741D59DB59001905E7 /* RichTextEditUITests.m */,
				C57AE1761D59DB59001905E7 /* Info.plist */,
			);
			path = RichTextEditUITests;
			sourceTree = "<group>";
		};
		C57AE1821D59DBB9001905E7 /* Editor */ = {
			isa = PBXGroup;
			children = (
				C57AE1831D59DBB9001905E7 /* Images */,
				C57AE1991D59DBB9001905E7 /* UITextView+Helper.h */,
				C57AE19A1D59DBB9001905E7 /* UITextView+Helper.m */,
				C565A8781D5ABF2900C322BA /* JTTextView.h */,
				C565A8791D5ABF2900C322BA /* JTTextView.m */,
			);
			path = Editor;
			sourceTree = "<group>";
		};
		C57AE1831D59DBB9001905E7 /* Images */ = {
			isa = PBXGroup;
			children = (
				C57AE1841D59DBB9001905E7 /* 234.png */,
				C57AE1851D59DBB9001905E7 /* 30 */,
				C57AE18F1D59DBB9001905E7 /* 70bold.png */,
				C57AE1901D59DBB9001905E7 /* 70clinder.png */,
				C57AE1911D59DBB9001905E7 /* 70colors.png */,
				C57AE1921D59DBB9001905E7 /* 70font.png */,
				C57AE1931D59DBB9001905E7 /* 70ima.png */,
				C57AE1941D59DBB9001905E7 /* 70key.png */,
				C57AE1951D59DBB9001905E7 /* 70LinkB.png */,
				C57AE1961D59DBB9001905E7 /* 70place.png */,
				C57AE1971D59DBB9001905E7 /* 70TabelB.png */,
				C57AE1981D59DBB9001905E7 /* 70Under.png */,
			);
			path = Images;
			sourceTree = "<group>";
		};
		C57AE1851D59DBB9001905E7 /* 30 */ = {
			isa = PBXGroup;
			children = (
				C57AE1861D59DBB9001905E7 /* 30bold.png */,
				C57AE1871D59DBB9001905E7 /* 30clinder.png */,
				C57AE1881D59DBB9001905E7 /* 30colors.png */,
				C57AE1891D59DBB9001905E7 /* 30font.png */,
				C57AE18A1D59DBB9001905E7 /* 30ima.png */,
				C57AE18B1D59DBB9001905E7 /* 30key.png */,
				C57AE18C1D59DBB9001905E7 /* 30LinkB.png */,
				C57AE18D1D59DBB9001905E7 /* 30TabelB.png */,
				C57AE18E1D59DBB9001905E7 /* 30Under.png */,
			);
			path = 30;
			sourceTree = "<group>";
		};
		F79A9DCBD813F9DCF415E351 /* Pods */ = {
			isa = PBXGroup;
			children = (
				826F1E8886187BFE3D463BE2 /* Pods-RichTextEdit.debug.xcconfig */,
				5F942CFFB3C8002C4E28AEE7 /* Pods-RichTextEdit.release.xcconfig */,
			);
			name = Pods;
			sourceTree = "<group>";
		};
/* End PBXGroup section */

/* Begin PBXNativeTarget section */
		C57AE14B1D59DB59001905E7 /* RichTextEdit */ = {
			isa = PBXNativeTarget;
			buildConfigurationList = C57AE1791D59DB59001905E7 /* Build configuration list for PBXNativeTarget "RichTextEdit" */;
			buildPhases = (
				AF86AFA080DD3E926A8B4D9A /* [CP] Check Pods Manifest.lock */,
				C57AE1481D59DB59001905E7 /* Sources */,
				C57AE1491D59DB59001905E7 /* Frameworks */,
				C57AE14A1D59DB59001905E7 /* Resources */,
				6E021D9B15477FF8F3AE2565 /* [CP] Embed Pods Frameworks */,
				447C5701D1B67CD64EA8E394 /* [CP] Copy Pods Resources */,
			);
			buildRules = (
			);
			dependencies = (
			);
			name = RichTextEdit;
			productName = RichTextEdit;
			productReference = C57AE14C1D59DB59001905E7 /* RichTextEdit.app */;
			productType = "com.apple.product-type.application";
		};
		C57AE1641D59DB59001905E7 /* RichTextEditTests */ = {
			isa = PBXNativeTarget;
			buildConfigurationList = C57AE17C1D59DB59001905E7 /* Build configuration list for PBXNativeTarget "RichTextEditTests" */;
			buildPhases = (
				C57AE1611D59DB59001905E7 /* Sources */,
				C57AE1621D59DB59001905E7 /* Frameworks */,
				C57AE1631D59DB59001905E7 /* Resources */,
			);
			buildRules = (
			);
			dependencies = (
				C57AE1671D59DB59001905E7 /* PBXTargetDependency */,
			);
			name = RichTextEditTests;
			productName = RichTextEditTests;
			productReference = C57AE1651D59DB59001905E7 /* RichTextEditTests.xctest */;
			productType = "com.apple.product-type.bundle.unit-test";
		};
		C57AE16F1D59DB59001905E7 /* RichTextEditUITests */ = {
			isa = PBXNativeTarget;
			buildConfigurationList = C57AE17F1D59DB59001905E7 /* Build configuration list for PBXNativeTarget "RichTextEditUITests" */;
			buildPhases = (
				C57AE16C1D59DB59001905E7 /* Sources */,
				C57AE16D1D59DB59001905E7 /* Frameworks */,
				C57AE16E1D59DB59001905E7 /* Resources */,
			);
			buildRules = (
			);
			dependencies = (
				C57AE1721D59DB59001905E7 /* PBXTargetDependency */,
			);
			name = RichTextEditUITests;
			productName = RichTextEditUITests;
			productReference = C57AE1701D59DB59001905E7 /* RichTextEditUITests.xctest */;
			productType = "com.apple.product-type.bundle.ui-testing";
		};
/* End PBXNativeTarget section */

/* Begin PBXProject section */
		C57AE1441D59DB59001905E7 /* Project object */ = {
			isa = PBXProject;
			attributes = {
				LastUpgradeCheck = 0730;
				ORGANIZATIONNAME = JobsTorvalds;
				TargetAttributes = {
					C57AE14B1D59DB59001905E7 = {
						CreatedOnToolsVersion = 7.3.1;
						DevelopmentTeam = G58E9WRMZU;
					};
					C57AE1641D59DB59001905E7 = {
						CreatedOnToolsVersion = 7.3.1;
						DevelopmentTeam = G58E9WRMZU;
						TestTargetID = C57AE14B1D59DB59001905E7;
					};
					C57AE16F1D59DB59001905E7 = {
						CreatedOnToolsVersion = 7.3.1;
						DevelopmentTeam = G58E9WRMZU;
						TestTargetID = C57AE14B1D59DB59001905E7;
					};
				};
			};
			buildConfigurationList = C57AE1471D59DB59001905E7 /* Build configuration list for PBXProject "RichTextEdit" */;
			compatibilityVersion = "Xcode 3.2";
			developmentRegion = English;
			hasScannedForEncodings = 0;
			knownRegions = (
				en,
				Base,
			);
			mainGroup = C57AE1431D59DB59001905E7;
			productRefGroup = C57AE14D1D59DB59001905E7 /* Products */;
			projectDirPath = "";
			projectRoot = "";
			targets = (
				C57AE14B1D59DB59001905E7 /* RichTextEdit */,
				C57AE1641D59DB59001905E7 /* RichTextEditTests */,
				C57AE16F1D59DB59001905E7 /* RichTextEditUITests */,
			);
		};
/* End PBXProject section */

/* Begin PBXResourcesBuildPhase section */
		C57AE14A1D59DB59001905E7 /* Resources */ = {
			isa = PBXResourcesBuildPhase;
			buildActionMask = 2147483647;
			files = (
				C57AE1A81D59DBB9001905E7 /* 70font.png in Resources */,
				C57AE19D1D59DBB9001905E7 /* 30clinder.png in Resources */,
				C57AE15F1D59DB59001905E7 /* LaunchScreen.storyboard in Resources */,
				C57AE1A21D59DBB9001905E7 /* 30LinkB.png in Resources */,
				C57AE1A01D59DBB9001905E7 /* 30ima.png in Resources */,
				C57AE15C1D59DB59001905E7 /* Assets.xcassets in Resources */,
				C57AE1A61D59DBB9001905E7 /* 70clinder.png in Resources */,
				C57AE15A1D59DB59001905E7 /* Main.storyboard in Resources */,
				C57AE1AC1D59DBB9001905E7 /* 70place.png in Resources */,
				C57AE1AA1D59DBB9001905E7 /* 70key.png in Resources */,
				C57AE1AD1D59DBB9001905E7 /* 70TabelB.png in Resources */,
				C57AE19B1D59DBB9001905E7 /* 234.png in Resources */,
				C57AE1A71D59DBB9001905E7 /* 70colors.png in Resources */,
				C57AE19E1D59DBB9001905E7 /* 30colors.png in Resources */,
				C57AE1AE1D59DBB9001905E7 /* 70Under.png in Resources */,
				C57AE1A31D59DBB9001905E7 /* 30TabelB.png in Resources */,
				C57AE1A41D59DBB9001905E7 /* 30Under.png in Resources */,
				C57AE19C1D59DBB9001905E7 /* 30bold.png in Resources */,
				C57AE1A91D59DBB9001905E7 /* 70ima.png in Resources */,
				C57AE1A11D59DBB9001905E7 /* 30key.png in Resources */,
				C57AE1AB1D59DBB9001905E7 /* 70LinkB.png in Resources */,
				C57AE19F1D59DBB9001905E7 /* 30font.png in Resources */,
				C57AE1A51D59DBB9001905E7 /* 70bold.png in Resources */,
			);
			runOnlyForDeploymentPostprocessing = 0;
		};
		C57AE1631D59DB59001905E7 /* Resources */ = {
			isa = PBXResourcesBuildPhase;
			buildActionMask = 2147483647;
			files = (
			);
			runOnlyForDeploymentPostprocessing = 0;
		};
		C57AE16E1D59DB59001905E7 /* Resources */ = {
			isa = PBXResourcesBuildPhase;
			buildActionMask = 2147483647;
			files = (
			);
			runOnlyForDeploymentPostprocessing = 0;
		};
/* End PBXResourcesBuildPhase section */

/* Begin PBXShellScriptBuildPhase section */
		447C5701D1B67CD64EA8E394 /* [CP] Copy Pods Resources */ = {
			isa = PBXShellScriptBuildPhase;
			buildActionMask = 2147483647;
			files = (
			);
			inputPaths = (
			);
			name = "[CP] Copy Pods Resources";
			outputPaths = (
			);
			runOnlyForDeploymentPostprocessing = 0;
			shellPath = /bin/sh;
			shellScript = "\"${SRCROOT}/Pods/Target Support Files/Pods-RichTextEdit/Pods-RichTextEdit-resources.sh\"\n";
			showEnvVarsInLog = 0;
		};
		6E021D9B15477FF8F3AE2565 /* [CP] Embed Pods Frameworks */ = {
			isa = PBXShellScriptBuildPhase;
			buildActionMask = 2147483647;
			files = (
			);
			inputPaths = (
			);
			name = "[CP] Embed Pods Frameworks";
			outputPaths = (
			);
			runOnlyForDeploymentPostprocessing = 0;
			shellPath = /bin/sh;
			shellScript = "\"${SRCROOT}/Pods/Target Support Files/Pods-RichTextEdit/Pods-RichTextEdit-frameworks.sh\"\n";
			showEnvVarsInLog = 0;
		};
		AF86AFA080DD3E926A8B4D9A /* [CP] Check Pods Manifest.lock */ = {
			isa = PBXShellScriptBuildPhase;
			buildActionMask = 2147483647;
			files = (
			);
			inputPaths = (
			);
			name = "[CP] Check Pods Manifest.lock";
			outputPaths = (
			);
			runOnlyForDeploymentPostprocessing = 0;
			shellPath = /bin/sh;
			shellScript = "diff \"${PODS_ROOT}/../Podfile.lock\" \"${PODS_ROOT}/Manifest.lock\" > /dev/null\nif [[ $? != 0 ]] ; then\n    cat << EOM\nerror: The sandbox is not in sync with the Podfile.lock. Run 'pod install' or update your CocoaPods installation.\nEOM\n    exit 1\nfi\n";
			showEnvVarsInLog = 0;
		};
/* End PBXShellScriptBuildPhase section */

/* Begin PBXSourcesBuildPhase section */
		C57AE1481D59DB59001905E7 /* Sources */ = {
			isa = PBXSourcesBuildPhase;
			buildActionMask = 2147483647;
			files = (
				C57AE1571D59DB59001905E7 /* ViewController.m in Sources */,
				C565A87A1D5ABF2900C322BA /* JTTextView.m in Sources */,
				C57AE1541D59DB59001905E7 /* AppDelegate.m in Sources */,
				C57AE1511D59DB59001905E7 /* main.m in Sources */,
				C57AE1AF1D59DBB9001905E7 /* UITextView+Helper.m in Sources */,
			);
			runOnlyForDeploymentPostprocessing = 0;
		};
		C57AE1611D59DB59001905E7 /* Sources */ = {
			isa = PBXSourcesBuildPhase;
			buildActionMask = 2147483647;
			files = (
				C57AE16A1D59DB59001905E7 /* RichTextEditTests.m in Sources */,
			);
			runOnlyForDeploymentPostprocessing = 0;
		};
		C57AE16C1D59DB59001905E7 /* Sources */ = {
			isa = PBXSourcesBuildPhase;
			buildActionMask = 2147483647;
			files = (
				C57AE1751D59DB59001905E7 /* RichTextEditUITests.m in Sources */,
			);
			runOnlyForDeploymentPostprocessing = 0;
		};
/* End PBXSourcesBuildPhase section */

/* Begin PBXTargetDependency section */
		C57AE1671D59DB59001905E7 /* PBXTargetDependency */ = {
			isa = PBXTargetDependency;
			target = C57AE14B1D59DB59001905E7 /* RichTextEdit */;
			targetProxy = C57AE1661D59DB59001905E7 /* PBXContainerItemProxy */;
		};
		C57AE1721D59DB59001905E7 /* PBXTargetDependency */ = {
			isa = PBXTargetDependency;
			target = C57AE14B1D59DB59001905E7 /* RichTextEdit */;
			targetProxy = C57AE1711D59DB59001905E7 /* PBXContainerItemProxy */;
		};
/* End PBXTargetDependency section */

/* Begin PBXVariantGroup section */
		C57AE1581D59DB59001905E7 /* Main.storyboard */ = {
			isa = PBXVariantGroup;
			children = (
				C57AE1591D59DB59001905E7 /* Base */,
			);
			name = Main.storyboard;
			sourceTree = "<group>";
		};
		C57AE15D1D59DB59001905E7 /* LaunchScreen.storyboard */ = {
			isa = PBXVariantGroup;
			children = (
				C57AE15E1D59DB59001905E7 /* Base */,
			);
			name = LaunchScreen.storyboard;
			sourceTree = "<group>";
		};
/* End PBXVariantGroup section */

/* Begin XCBuildConfiguration section */
		C57AE1771D59DB59001905E7 /* Debug */ = {
			isa = XCBuildConfiguration;
			buildSettings = {
				ALWAYS_SEARCH_USER_PATHS = NO;
				CLANG_ANALYZER_NONNULL = YES;
				CLANG_CXX_LANGUAGE_STANDARD = "gnu++0x";
				CLANG_CXX_LIBRARY = "libc++";
				CLANG_ENABLE_MODULES = YES;
				CLANG_ENABLE_OBJC_ARC = YES;
				CLANG_WARN_BOOL_CONVERSION = YES;
				CLANG_WARN_CONSTANT_CONVERSION = YES;
				CLANG_WARN_DIRECT_OBJC_ISA_USAGE = YES_ERROR;
				CLANG_WARN_EMPTY_BODY = YES;
				CLANG_WARN_ENUM_CONVERSION = YES;
				CLANG_WARN_INT_CONVERSION = YES;
				CLANG_WARN_OBJC_ROOT_CLASS = YES_ERROR;
				CLANG_WARN_UNREACHABLE_CODE = YES;
				CLANG_WARN__DUPLICATE_METHOD_MATCH = YES;
				"CODE_SIGN_IDENTITY[sdk=iphoneos*]" = "iPhone Developer";
				COPY_PHASE_STRIP = NO;
				DEBUG_INFORMATION_FORMAT = dwarf;
				ENABLE_STRICT_OBJC_MSGSEND = YES;
				ENABLE_TESTABILITY = YES;
				GCC_C_LANGUAGE_STANDARD = gnu99;
				GCC_DYNAMIC_NO_PIC = NO;
				GCC_NO_COMMON_BLOCKS = YES;
				GCC_OPTIMIZATION_LEVEL = 0;
				GCC_PREPROCESSOR_DEFINITIONS = (
					"DEBUG=1",
					"$(inherited)",
				);
				GCC_WARN_64_TO_32_BIT_CONVERSION = YES;
				GCC_WARN_ABOUT_RETURN_TYPE = YES_ERROR;
				GCC_WARN_UNDECLARED_SELECTOR = YES;
				GCC_WARN_UNINITIALIZED_AUTOS = YES_AGGRESSIVE;
				GCC_WARN_UNUSED_FUNCTION = YES;
				GCC_WARN_UNUSED_VARIABLE = YES;
				IPHONEOS_DEPLOYMENT_TARGET = 9.3;
				MTL_ENABLE_DEBUG_INFO = YES;
				ONLY_ACTIVE_ARCH = YES;
				SDKROOT = iphoneos;
				TARGETED_DEVICE_FAMILY = "1,2";
			};
			name = Debug;
		};
		C57AE1781D59DB59001905E7 /* Release */ = {
			isa = XCBuildConfiguration;
			buildSettings = {
				ALWAYS_SEARCH_USER_PATHS = NO;
				CLANG_ANALYZER_NONNULL = YES;
				CLANG_CXX_LANGUAGE_STANDARD = "gnu++0x";
				CLANG_CXX_LIBRARY = "libc++";
				CLANG_ENABLE_MODULES = YES;
				CLANG_ENABLE_OBJC_ARC = YES;
				CLANG_WARN_BOOL_CONVERSION = YES;
				CLANG_WARN_CONSTANT_CONVERSION = YES;
				CLANG_WARN_DIRECT_OBJC_ISA_USAGE = YES_ERROR;
				CLANG_WARN_EMPTY_BODY = YES;
				CLANG_WARN_ENUM_CONVERSION = YES;
				CLANG_WARN_INT_CONVERSION = YES;
				CLANG_WARN_OBJC_ROOT_CLASS = YES_ERROR;
				CLANG_WARN_UNREACHABLE_CODE = YES;
				CLANG_WARN__DUPLICATE_METHOD_MATCH = YES;
				"CODE_SIGN_IDENTITY[sdk=iphoneos*]" = "iPhone Developer";
				COPY_PHASE_STRIP = NO;
				DEBUG_INFORMATION_FORMAT = "dwarf-with-dsym";
				ENABLE_NS_ASSERTIONS = NO;
				ENABLE_STRICT_OBJC_MSGSEND = YES;
				GCC_C_LANGUAGE_STANDARD = gnu99;
				GCC_NO_COMMON_BLOCKS = YES;
				GCC_WARN_64_TO_32_BIT_CONVERSION = YES;
				GCC_WARN_ABOUT_RETURN_TYPE = YES_ERROR;
				GCC_WARN_UNDECLARED_SELECTOR = YES;
				GCC_WARN_UNINITIALIZED_AUTOS = YES_AGGRESSIVE;
				GCC_WARN_UNUSED_FUNCTION = YES;
				GCC_WARN_UNUSED_VARIABLE = YES;
				IPHONEOS_DEPLOYMENT_TARGET = 9.3;
				MTL_ENABLE_DEBUG_INFO = NO;
				SDKROOT = iphoneos;
				TARGETED_DEVICE_FAMILY = "1,2";
				VALIDATE_PRODUCT = YES;
			};
			name = Release;
		};
		C57AE17A1D59DB59001905E7 /* Debug */ = {
			isa = XCBuildConfiguration;
			baseConfigurationReference = 826F1E8886187BFE3D463BE2 /* Pods-RichTextEdit.debug.xcconfig */;
			buildSettings = {
				ASSETCATALOG_COMPILER_APPICON_NAME = AppIcon;
				INFOPLIST_FILE = RichTextEdit/Info.plist;
				LD_RUNPATH_SEARCH_PATHS = "$(inherited) @executable_path/Frameworks";
				PRODUCT_BUNDLE_IDENTIFIER = JobsTorvalds.RichTextEdit;
				PRODUCT_NAME = "$(TARGET_NAME)";
			};
			name = Debug;
		};
		C57AE17B1D59DB59001905E7 /* Release */ = {
			isa = XCBuildConfiguration;
			baseConfigurationReference = 5F942CFFB3C8002C4E28AEE7 /* Pods-RichTextEdit.release.xcconfig */;
			buildSettings = {
				ASSETCATALOG_COMPILER_APPICON_NAME = AppIcon;
				INFOPLIST_FILE = RichTextEdit/Info.plist;
				LD_RUNPATH_SEARCH_PATHS = "$(inherited) @executable_path/Frameworks";
				PRODUCT_BUNDLE_IDENTIFIER = JobsTorvalds.RichTextEdit;
				PRODUCT_NAME = "$(TARGET_NAME)";
			};
			name = Release;
		};
		C57AE17D1D59DB59001905E7 /* Debug */ = {
			isa = XCBuildConfiguration;
			buildSettings = {
				BUNDLE_LOADER = "$(TEST_HOST)";
				INFOPLIST_FILE = RichTextEditTests/Info.plist;
				LD_RUNPATH_SEARCH_PATHS = "$(inherited) @executable_path/Frameworks @loader_path/Frameworks";
				PRODUCT_BUNDLE_IDENTIFIER = JobsTorvalds.RichTextEditTests;
				PRODUCT_NAME = "$(TARGET_NAME)";
				TEST_HOST = "$(BUILT_PRODUCTS_DIR)/RichTextEdit.app/RichTextEdit";
			};
			name = Debug;
		};
		C57AE17E1D59DB59001905E7 /* Release */ = {
			isa = XCBuildConfiguration;
			buildSettings = {
				BUNDLE_LOADER = "$(TEST_HOST)";
				INFOPLIST_FILE = RichTextEditTests/Info.plist;
				LD_RUNPATH_SEARCH_PATHS = "$(inherited) @executable_path/Frameworks @loader_path/Frameworks";
				PRODUCT_BUNDLE_IDENTIFIER = JobsTorvalds.RichTextEditTests;
				PRODUCT_NAME = "$(TARGET_NAME)";
				TEST_HOST = "$(BUILT_PRODUCTS_DIR)/RichTextEdit.app/RichTextEdit";
			};
			name = Release;
		};
		C57AE1801D59DB59001905E7 /* Debug */ = {
			isa = XCBuildConfiguration;
			buildSettings = {
				INFOPLIST_FILE = RichTextEditUITests/Info.plist;
				LD_RUNPATH_SEARCH_PATHS = "$(inherited) @executable_path/Frameworks @loader_path/Frameworks";
				PRODUCT_BUNDLE_IDENTIFIER = JobsTorvalds.RichTextEditUITests;
				PRODUCT_NAME = "$(TARGET_NAME)";
				TEST_TARGET_NAME = RichTextEdit;
			};
			name = Debug;
		};
		C57AE1811D59DB59001905E7 /* Release */ = {
			isa = XCBuildConfiguration;
			buildSettings = {
				INFOPLIST_FILE = RichTextEditUITests/Info.plist;
				LD_RUNPATH_SEARCH_PATHS = "$(inherited) @executable_path/Frameworks @loader_path/Frameworks";
				PRODUCT_BUNDLE_IDENTIFIER = JobsTorvalds.RichTextEditUITests;
				PRODUCT_NAME = "$(TARGET_NAME)";
				TEST_TARGET_NAME = RichTextEdit;
			};
			name = Release;
		};
/* End XCBuildConfiguration section */

/* Begin XCConfigurationList section */
		C57AE1471D59DB59001905E7 /* Build configuration list for PBXProject "RichTextEdit" */ = {
			isa = XCConfigurationList;
			buildConfigurations = (
				C57AE1771D59DB59001905E7 /* Debug */,
				C57AE1781D59DB59001905E7 /* Release */,
			);
			defaultConfigurationIsVisible = 0;
			defaultConfigurationName = Release;
		};
		C57AE1791D59DB59001905E7 /* Build configuration list for PBXNativeTarget "RichTextEdit" */ = {
			isa = XCConfigurationList;
			buildConfigurations = (
				C57AE17A1D59DB59001905E7 /* Debug */,
				C57AE17B1D59DB59001905E7 /* Release */,
			);
			defaultConfigurationIsVisible = 0;
			defaultConfigurationName = Release;
		};
		C57AE17C1D59DB59001905E7 /* Build configuration list for PBXNativeTarget "RichTextEditTests" */ = {
			isa = XCConfigurationList;
			buildConfigurations = (
				C57AE17D1D59DB59001905E7 /* Debug */,
				C57AE17E1D59DB59001905E7 /* Release */,
			);
			defaultConfigurationIsVisible = 0;
			defaultConfigurationName = Release;
		};
		C57AE17F1D59DB59001905E7 /* Build configuration list for PBXNativeTarget "RichTextEditUITests" */ = {
			isa = XCConfigurationList;
			buildConfigurations = (
				C57AE1801D59DB59001905E7 /* Debug */,
				C57AE1811D59DB59001905E7 /* Release */,
			);
			defaultConfigurationIsVisible = 0;
			defaultConfigurationName = Release;
		};
/* End XCConfigurationList section */
	};
	rootObject = C57AE1441D59DB59001905E7 /* Project object */;
}
